
Microsoft Visual Studio Solution File, Format Version 12.00
# Visual Studio Version 17
VisualStudioVersion = 17.2.32630.192
MinimumVisualStudioVersion = 10.0.40219.1
Project("{FAE04EC0-301F-11D3-BF4B-00C04F79EFBC}") = "1-Multiplos3", "1-Multiplos3\1-Multiplos3.csproj", "{EB686986-F5DF-4788-AA80-48F8E718D20A}"
EndProject
Global
	GlobalSection(SolutionConfigurationPlatforms) = preSolution
		Debug|Any CPU = Debug|Any CPU
		Release|Any CPU = Release|Any CPU
	EndGlobalSection
	GlobalSection(ProjectConfigurationPlatforms) = postSolution
		{EB686986-F5DF-4788-AA80-48F8E718D20A}.Debug|Any CPU.ActiveCfg = Debug|Any CPU
		{EB686986-F5DF-4788-AA80-48F8E718D20A}.Debug|Any CPU.Build.0 = Debug|Any CPU
		{EB686986-F5DF-4788-AA80-48F8E718D20A}.Release|Any CPU.ActiveCfg = Release|Any CPU
		{EB686986-F5DF-4788-AA80-48F8E718D20A}.Release|Any CPU.Build.0 = Release|Any CPU
	EndGlobalSection
	GlobalSection(SolutionProperties) = preSolution
		HideSolutionNode = FALSE
	EndGlobalSection
	GlobalSection(ExtensibilityGlobals) = postSolution
		SolutionGuid = {B7A3D94C-672B-447C-8BE3-DC78D07E7403}
	EndGlobalSection
EndGlobal
